
Microsoft Visual Studio Solution File, Format Version 12.00
Project("{FAE04EC0-301F-11D3-BF4B-00C04F79EFBC}") = "Moeller.TheCli", "Moeller.TheCli\Moeller.TheCli.csproj", "{CC9CDC48-A295-4DB1-B8C8-3987B1687E54}"
EndProject
Global
	GlobalSection(SolutionConfigurationPlatforms) = preSolution
		Debug|Any CPU = Debug|Any CPU
		Release|Any CPU = Release|Any CPU
	EndGlobalSection
	GlobalSection(ProjectConfigurationPlatforms) = postSolution
		{CC9CDC48-A295-4DB1-B8C8-3987B1687E54}.Debug|Any CPU.ActiveCfg = Debug|Any CPU
		{CC9CDC48-A295-4DB1-B8C8-3987B1687E54}.Debug|Any CPU.Build.0 = Debug|Any CPU
		{CC9CDC48-A295-4DB1-B8C8-3987B1687E54}.Release|Any CPU.ActiveCfg = Release|Any CPU
		{CC9CDC48-A295-4DB1-B8C8-3987B1687E54}.Release|Any CPU.Build.0 = Release|Any CPU
	EndGlobalSection
EndGlobal
